
Microsoft Visual Studio Solution File, Format Version 12.00
# Visual Studio 15
VisualStudioVersion = 15.0.28010.2050
MinimumVisualStudioVersion = 10.0.40219.1
Project("{9A19103F-16F7-4668-BE54-9A1E7A4F7556}") = "FutureAgro.Web", "FutureAgro\FutureAgro.Web.csproj", "{C4A8004E-30EA-49FE-AD25-226ED1CB1F08}"
EndProject
Project("{9A19103F-16F7-4668-BE54-9A1E7A4F7556}") = "FutureAgro.DataAccess", "DataAccess\FutureAgro.DataAccess.csproj", "{B0E687FC-6750-41BE-B0B3-92EB9CB80F2F}"
EndProject
Project("{9A19103F-16F7-4668-BE54-9A1E7A4F7556}") = "FutureAgro.IoT.Emuladores", "IoT.Emuladores\FutureAgro.IoT.Emuladores.csproj", "{5C0F6046-0C1F-46D2-8012-AA25F6238E7E}"
EndProject
Project("{9A19103F-16F7-4668-BE54-9A1E7A4F7556}") = "FutureAgro.IoT.Contratos", "IoT.Contratos\FutureAgro.IoT.Contratos.csproj", "{F2114F5A-BCF6-434E-8D2F-5D73E89D4511}"
EndProject
Project("{9A19103F-16F7-4668-BE54-9A1E7A4F7556}") = "FutureAgro.Componentes", "Componentes\FutureAgro.Componentes.csproj", "{1A073D8D-9105-493E-A9E4-E9BCE34E4CA8}"
EndProject
Project("{FAE04EC0-301F-11D3-BF4B-00C04F79EFBC}") = "FutureAgro.UnitTests", "UnitTests\FutureAgro.UnitTests.csproj", "{6F661816-8737-415A-AFCA-B69E92D02B6B}"
EndProject
Global
	GlobalSection(SolutionConfigurationPlatforms) = preSolution
		Debug|Any CPU = Debug|Any CPU
		Release|Any CPU = Release|Any CPU
	EndGlobalSection
	GlobalSection(ProjectConfigurationPlatforms) = postSolution
		{C4A8004E-30EA-49FE-AD25-226ED1CB1F08}.Debug|Any CPU.ActiveCfg = Debug|Any CPU
		{C4A8004E-30EA-49FE-AD25-226ED1CB1F08}.Debug|Any CPU.Build.0 = Debug|Any CPU
		{C4A8004E-30EA-49FE-AD25-226ED1CB1F08}.Release|Any CPU.ActiveCfg = Release|Any CPU
		{C4A8004E-30EA-49FE-AD25-226ED1CB1F08}.Release|Any CPU.Build.0 = Release|Any CPU
		{B0E687FC-6750-41BE-B0B3-92EB9CB80F2F}.Debug|Any CPU.ActiveCfg = Debug|Any CPU
		{B0E687FC-6750-41BE-B0B3-92EB9CB80F2F}.Debug|Any CPU.Build.0 = Debug|Any CPU
		{B0E687FC-6750-41BE-B0B3-92EB9CB80F2F}.Release|Any CPU.ActiveCfg = Release|Any CPU
		{B0E687FC-6750-41BE-B0B3-92EB9CB80F2F}.Release|Any CPU.Build.0 = Release|Any CPU
		{5C0F6046-0C1F-46D2-8012-AA25F6238E7E}.Debug|Any CPU.ActiveCfg = Debug|Any CPU
		{5C0F6046-0C1F-46D2-8012-AA25F6238E7E}.Debug|Any CPU.Build.0 = Debug|Any CPU
		{5C0F6046-0C1F-46D2-8012-AA25F6238E7E}.Release|Any CPU.ActiveCfg = Release|Any CPU
		{5C0F6046-0C1F-46D2-8012-AA25F6238E7E}.Release|Any CPU.Build.0 = Release|Any CPU
		{F2114F5A-BCF6-434E-8D2F-5D73E89D4511}.Debug|Any CPU.ActiveCfg = Debug|Any CPU
		{F2114F5A-BCF6-434E-8D2F-5D73E89D4511}.Debug|Any CPU.Build.0 = Debug|Any CPU
		{F2114F5A-BCF6-434E-8D2F-5D73E89D4511}.Release|Any CPU.ActiveCfg = Release|Any CPU
		{F2114F5A-BCF6-434E-8D2F-5D73E89D4511}.Release|Any CPU.Build.0 = Release|Any CPU
		{1A073D8D-9105-493E-A9E4-E9BCE34E4CA8}.Debug|Any CPU.ActiveCfg = Debug|Any CPU
		{1A073D8D-9105-493E-A9E4-E9BCE34E4CA8}.Debug|Any CPU.Build.0 = Debug|Any CPU
		{1A073D8D-9105-493E-A9E4-E9BCE34E4CA8}.Release|Any CPU.ActiveCfg = Release|Any CPU
		{1A073D8D-9105-493E-A9E4-E9BCE34E4CA8}.Release|Any CPU.Build.0 = Release|Any CPU
		{6F661816-8737-415A-AFCA-B69E92D02B6B}.Debug|Any CPU.ActiveCfg = Debug|Any CPU
		{6F661816-8737-415A-AFCA-B69E92D02B6B}.Debug|Any CPU.Build.0 = Debug|Any CPU
		{6F661816-8737-415A-AFCA-B69E92D02B6B}.Release|Any CPU.ActiveCfg = Release|Any CPU
		{6F661816-8737-415A-AFCA-B69E92D02B6B}.Release|Any CPU.Build.0 = Release|Any CPU
	EndGlobalSection
	GlobalSection(SolutionProperties) = preSolution
		HideSolutionNode = FALSE
	EndGlobalSection
	GlobalSection(ExtensibilityGlobals) = postSolution
		SolutionGuid = {90B9C9AC-AF4E-48D2-A756-CC8332A8623C}
	EndGlobalSection
EndGlobal
